<?xml version="1.0" encoding="utf-8"?>
<Project ToolsVersion="4.0" xmlns="http://schemas.microsoft.com/developer/msbuild/2003">
  <ItemGroup>
    <Filter Include="Source Files">
      <UniqueIdentifier>{4FC737F1-C7A5-4376-A066-2A32D752A2FF}</UniqueIdentifier>
      <Extensions>cpp;c;cc;cxx;def;odl;idl;hpj;bat;asm;asmx</Extensions>
    </Filter>
    <Filter Include="Header Files">
      <UniqueIdentifier>{93995380-89BD-4b04-88EB-625FBE52EBFB}</UniqueIdentifier>
      <Extensions>h;hh;hpp;hxx;hm;inl;inc;ipp;xsd</Extensions>
    </Filter>
    <Filter Include="Resource Files">
      <UniqueIdentifier>{67DA6AB6-F800-4c08-8B7A-83BB121AAD01}</UniqueIdentifier>
      <Extensions>rc;ico;cur;bmp;dlg;rc2;rct;bin;rgs;gif;jpg;jpeg;jpe;resx;tiff;tif;png;wav;mfcribbon-ms</Extensions>
    </Filter>
  </ItemGroup>
  <ItemGroup>
    <ClCompile Include="..\src\core\bird.c">
      <Filter>Source Files</Filter>
    </ClCompile>
    <ClCompile Include="..\src\core\blob.c">
      <Filter>Source Files</Filter>
    </ClCompile>
    <ClCompile Include="..\src\core\bytes.c">
      <Filter>Source Files</Filter>
    </ClCompile>
    <ClCompile Include="..\src\core\compiler.c">
      <Filter>Source Files</Filter>
    </ClCompile>
    <ClCompile Include="..\src\core\debug.c">
      <Filter>Source Files</Filter>
    </ClCompile>
    <ClCompile Include="..\src\core\dict.c">
      <Filter>Source Files</Filter>
    </ClCompile>
    <ClCompile Include="..\src\core\file.c">
      <Filter>Source Files</Filter>
    </ClCompile>
    <ClCompile Include="..\src\core\list.c">
      <Filter>Source Files</Filter>
    </ClCompile>
    <ClCompile Include="..\src\core\memory.c">
      <Filter>Source Files</Filter>
    </ClCompile>
    <ClCompile Include="..\src\core\module.c">
      <Filter>Source Files</Filter>
    </ClCompile>
    <ClCompile Include="..\src\core\native.c">
      <Filter>Source Files</Filter>
    </ClCompile>
    <ClCompile Include="..\src\core\object.c">
      <Filter>Source Files</Filter>
    </ClCompile>
    <ClCompile Include="..\src\core\pathinfo.c">
      <Filter>Source Files</Filter>
    </ClCompile>
    <ClCompile Include="..\src\core\scanner.c">
      <Filter>Source Files</Filter>
    </ClCompile>
    <ClCompile Include="..\src\core\string.c">
      <Filter>Source Files</Filter>
    </ClCompile>
    <ClCompile Include="..\src\core\table.c">
      <Filter>Source Files</Filter>
    </ClCompile>
    <ClCompile Include="..\src\core\util.c">
      <Filter>Source Files</Filter>
    </ClCompile>
    <ClCompile Include="..\src\core\value.c">
      <Filter>Source Files</Filter>
    </ClCompile>
    <ClCompile Include="..\src\core\vm.c">
      <Filter>Source Files</Filter>
    </ClCompile>
    <ClCompile Include="..\src\core\win32.c">
      <Filter>Source Files</Filter>
    </ClCompile>
    <ClCompile Include="..\src\modules\base64.c">
      <Filter>Source Files</Filter>
    </ClCompile>
    <ClCompile Include="..\src\modules\io.c">
      <Filter>Source Files</Filter>
    </ClCompile>
    <ClCompile Include="..\src\modules\math.c">
      <Filter>Source Files</Filter>
    </ClCompile>
    <ClCompile Include="..\src\modules\os.c">
      <Filter>Source Files</Filter>
    </ClCompile>
    <ClCompile Include="..\src\core\getopt.c">
      <Filter>Source Files</Filter>
    </ClCompile>
  </ItemGroup>
  <ItemGroup>
    <ClInclude Include="..\src\core\blob.h">
      <Filter>Source Files</Filter>
    </ClInclude>
    <ClInclude Include="..\src\core\btime.h">
      <Filter>Source Files</Filter>
    </ClInclude>
    <ClInclude Include="..\src\core\common.h">
      <Filter>Source Files</Filter>
    </ClInclude>
    <ClInclude Include="..\src\core\compiler.h">
      <Filter>Source Files</Filter>
    </ClInclude>
    <ClInclude Include="..\src\core\config.h">
      <Filter>Source Files</Filter>
    </ClInclude>
    <ClInclude Include="..\src\core\debug.h">
      <Filter>Source Files</Filter>
    </ClInclude>
    <ClInclude Include="..\src\core\memory.h">
      <Filter>Source Files</Filter>
    </ClInclude>
    <ClInclude Include="..\src\core\module.h">
      <Filter>Source Files</Filter>
    </ClInclude>
    <ClInclude Include="..\src\core\native.h">
      <Filter>Source Files</Filter>
    </ClInclude>
    <ClInclude Include="..\src\core\object.h">
      <Filter>Source Files</Filter>
    </ClInclude>
    <ClInclude Include="..\src\core\pathinfo.h">
      <Filter>Source Files</Filter>
    </ClInclude>
    <ClInclude Include="..\src\core\scanner.h">
      <Filter>Source Files</Filter>
    </ClInclude>
    <ClInclude Include="..\src\core\table.h">
      <Filter>Source Files</Filter>
    </ClInclude>
    <ClInclude Include="..\src\core\util.h">
      <Filter>Source Files</Filter>
    </ClInclude>
    <ClInclude Include="..\src\core\value.h">
      <Filter>Source Files</Filter>
    </ClInclude>
    <ClInclude Include="..\src\core\vm.h">
      <Filter>Source Files</Filter>
    </ClInclude>
    <ClInclude Include="..\src\core\win32.h">
      <Filter>Source Files</Filter>
    </ClInclude>
    <ClInclude Include="..\src\core\builtin\bytes.h">
      <Filter>Header Files</Filter>
    </ClInclude>
    <ClInclude Include="..\src\core\builtin\dict.h">
      <Filter>Header Files</Filter>
    </ClInclude>
    <ClInclude Include="..\src\core\builtin\file.h">
      <Filter>Header Files</Filter>
    </ClInclude>
    <ClInclude Include="..\src\core\builtin\list.h">
      <Filter>Header Files</Filter>
    </ClInclude>
    <ClInclude Include="..\src\core\builtin\string.h">
      <Filter>Header Files</Filter>
    </ClInclude>
    <ClInclude Include="..\src\core\compat\asprintf.h">
      <Filter>Header Files</Filter>
    </ClInclude>
    <ClInclude Include="..\src\core\compat\termios.h">
      <Filter>Header Files</Filter>
    </ClInclude>
    <ClInclude Include="..\src\core\compat\unistd.h">
      <Filter>Header Files</Filter>
    </ClInclude>
    <ClInclude Include="..\src\modules\base64.h">
      <Filter>Source Files</Filter>
    </ClInclude>
    <ClInclude Include="..\src\modules\io.h">
      <Filter>Source Files</Filter>
    </ClInclude>
    <ClInclude Include="..\src\modules\math.h">
      <Filter>Source Files</Filter>
    </ClInclude>
    <ClInclude Include="..\src\modules\os.h">
      <Filter>Source Files</Filter>
    </ClInclude>
    <ClInclude Include="..\src\core\compat\getopt.h">
      <Filter>Header Files</Filter>
    </ClInclude>
    <ClInclude Include="deps\includes\pcre2.h">
      <Filter>Header Files</Filter>
    </ClInclude>
    <ClInclude Include="..\src\core\compat\replxx.h">
      <Filter>Header Files</Filter>
    </ClInclude>
  </ItemGroup>
</Project>